
Microsoft Visual Studio Solution File, Format Version 12.00
# Visual Studio Version 16
VisualStudioVersion = 16.0.30225.117
MinimumVisualStudioVersion = 10.0.40219.1
Project("{9A19103F-16F7-4668-BE54-9A1E7A4F7556}") = "ReactTest", "ReactTest\ReactTest.csproj", "{206B240A-A248-4106-BD48-54F0FBC8EA28}"
EndProject
Project("{2150E333-8FDC-42A3-9474-1A3956D46DE8}") = "Solution Items", "Solution Items", "{38E34DF3-B4AC-445F-856E-D5E5B3A766FE}"
EndProject
Global
	GlobalSection(SolutionConfigurationPlatforms) = preSolution
		Debug|Any CPU = Debug|Any CPU
		Release|Any CPU = Release|Any CPU
	EndGlobalSection
	GlobalSection(ProjectConfigurationPlatforms) = postSolution
		{206B240A-A248-4106-BD48-54F0FBC8EA28}.Debug|Any CPU.ActiveCfg = Debug|Any CPU
		{206B240A-A248-4106-BD48-54F0FBC8EA28}.Debug|Any CPU.Build.0 = Debug|Any CPU
		{206B240A-A248-4106-BD48-54F0FBC8EA28}.Release|Any CPU.ActiveCfg = Release|Any CPU
		{206B240A-A248-4106-BD48-54F0FBC8EA28}.Release|Any CPU.Build.0 = Release|Any CPU
	EndGlobalSection
	GlobalSection(SolutionProperties) = preSolution
		HideSolutionNode = FALSE
	EndGlobalSection
	GlobalSection(ExtensibilityGlobals) = postSolution
		SolutionGuid = {04965235-251D-449D-8DA8-197F047217D0}
	EndGlobalSection
EndGlobal
